{
  "name": "tcc-play",
  "version": "1.0.0",
  "lockfileVersion": 1,
  "requires": true,
  "dependencies": {
    "streamed-tcc-goodness": {
      "version": "0.0.1",
      "resolved": "https://registry.npmjs.org/streamed-tcc-goodness/-/streamed-tcc-goodness-0.0.1.tgz",
      "integrity": "sha1-IDRfGLMdLi8wbsMKxfpe28Je/Iw="
    }
  }
}
